# THIS IS AN AUTOGENERATED FILE. DO NOT EDIT THIS FILE DIRECTLY.
# yarn lockfile v1


sweetalert2@^11.7.28:
  version "11.7.28"
  resolved "https://registry.yarnpkg.com/sweetalert2/-/sweetalert2-11.7.28.tgz#472b8617a794cb823645ebad89198c7ae39cfe3a"
  integrity sha512-9895DVuYTDlV4Hx4IJablFKMdSqzwpy0PKycztbO4cXnOeVMmw55weOq4gcZAh3/tAyunCKjApFDrlSAcswwcA==
